
Microsoft Visual Studio Solution File, Format Version 12.00
# Visual Studio Version 16
VisualStudioVersion = 16.0.30907.101
MinimumVisualStudioVersion = 10.0.40219.1
Project("{FAE04EC0-301F-11D3-BF4B-00C04F79EFBC}") = "Demo String Builder", "Demo String Builder\Demo String Builder.csproj", "{335A78BC-EBFD-4239-8FC0-DAA1E50F2A1D}"
EndProject
Project("{FAE04EC0-301F-11D3-BF4B-00C04F79EFBC}") = "Demo String", "Demo String\Demo String.csproj", "{F40BA95D-6663-4DD9-990C-AE3471E1F219}"
EndProject
Project("{FAE04EC0-301F-11D3-BF4B-00C04F79EFBC}") = "Summarizing Text", "Summarizing Text\Summarizing Text.csproj", "{C4CC6C5F-FABD-4687-8A7B-530DB5FE49BF}"
EndProject
Global
	GlobalSection(SolutionConfigurationPlatforms) = preSolution
		Debug|Any CPU = Debug|Any CPU
		Release|Any CPU = Release|Any CPU
	EndGlobalSection
	GlobalSection(ProjectConfigurationPlatforms) = postSolution
		{335A78BC-EBFD-4239-8FC0-DAA1E50F2A1D}.Debug|Any CPU.ActiveCfg = Debug|Any CPU
		{335A78BC-EBFD-4239-8FC0-DAA1E50F2A1D}.Debug|Any CPU.Build.0 = Debug|Any CPU
		{335A78BC-EBFD-4239-8FC0-DAA1E50F2A1D}.Release|Any CPU.ActiveCfg = Release|Any CPU
		{335A78BC-EBFD-4239-8FC0-DAA1E50F2A1D}.Release|Any CPU.Build.0 = Release|Any CPU
		{F40BA95D-6663-4DD9-990C-AE3471E1F219}.Debug|Any CPU.ActiveCfg = Debug|Any CPU
		{F40BA95D-6663-4DD9-990C-AE3471E1F219}.Debug|Any CPU.Build.0 = Debug|Any CPU
		{F40BA95D-6663-4DD9-990C-AE3471E1F219}.Release|Any CPU.ActiveCfg = Release|Any CPU
		{F40BA95D-6663-4DD9-990C-AE3471E1F219}.Release|Any CPU.Build.0 = Release|Any CPU
		{C4CC6C5F-FABD-4687-8A7B-530DB5FE49BF}.Debug|Any CPU.ActiveCfg = Debug|Any CPU
		{C4CC6C5F-FABD-4687-8A7B-530DB5FE49BF}.Debug|Any CPU.Build.0 = Debug|Any CPU
		{C4CC6C5F-FABD-4687-8A7B-530DB5FE49BF}.Release|Any CPU.ActiveCfg = Release|Any CPU
		{C4CC6C5F-FABD-4687-8A7B-530DB5FE49BF}.Release|Any CPU.Build.0 = Release|Any CPU
	EndGlobalSection
	GlobalSection(SolutionProperties) = preSolution
		HideSolutionNode = FALSE
	EndGlobalSection
	GlobalSection(ExtensibilityGlobals) = postSolution
		SolutionGuid = {8DF82BF4-92C9-4603-8CF2-E3C0A1172D15}
	EndGlobalSection
EndGlobal
